
Microsoft Visual Studio Solution File, Format Version 12.00
# Visual Studio 2013
VisualStudioVersion = 12.0.31101.0
MinimumVisualStudioVersion = 10.0.40219.1
Project("{2150E333-8FDC-42A3-9474-1A3956D46DE8}") = ".nuget", ".nuget", "{D9E69D5A-DC5F-463D-AFC7-7B6AF04E7E4B}"
	ProjectSection(SolutionItems) = preProject
		.nuget\NuGet.Config = .nuget\NuGet.Config
		.nuget\NuGet.exe = .nuget\NuGet.exe
		.nuget\NuGet.targets = .nuget\NuGet.targets
	EndProjectSection
EndProject
Project("{FAE04EC0-301F-11D3-BF4B-00C04F79EFBC}") = "Corvallis Reuse and Recycle API", "Corvallis Reuse and Recycle API\Corvallis Reuse and Recycle API.csproj", "{9BAB986D-05D3-4603-865E-E3773037FD1A}"
EndProject
Project("{2150E333-8FDC-42A3-9474-1A3956D46DE8}") = "PublishScripts", "PublishScripts", "{277159C7-A5C9-4FCE-B97F-06693188764C}"
	ProjectSection(SolutionItems) = preProject
		PublishScripts\AzureWebsitePublishModule.psm1 = PublishScripts\AzureWebsitePublishModule.psm1
		PublishScripts\Publish-WebApplicationWebsite.ps1 = PublishScripts\Publish-WebApplicationWebsite.ps1
	EndProjectSection
EndProject
Project("{2150E333-8FDC-42A3-9474-1A3956D46DE8}") = "Configurations", "Configurations", "{6843CB89-6788-4C44-878F-9BE25BDECAB0}"
	ProjectSection(SolutionItems) = preProject
		PublishScripts\Configurations\CorvallisReuseandRecycleAPI-WAWS-dev.json = PublishScripts\Configurations\CorvallisReuseandRecycleAPI-WAWS-dev.json
	EndProjectSection
EndProject
Project("{FAE04EC0-301F-11D3-BF4B-00C04F79EFBC}") = "Corvallis Reuse and Recycle Web Interface", "Corvallis Reuse and Recycle Web Interface\Corvallis Reuse and Recycle Web Interface.csproj", "{FDBAAEDF-10EF-4748-8623-8B1496BB4ED3}"
EndProject
Project("{FAE04EC0-301F-11D3-BF4B-00C04F79EFBC}") = "Corvallis Reuse and Recycle Mobile Application", "Corvallis Reuse and Recycle Mobile Application\Corvallis Reuse and Recycle Mobile Application.csproj", "{D9EBB33D-4C0E-474E-9809-39F1D708FD24}"
EndProject
Project("{FAE04EC0-301F-11D3-BF4B-00C04F79EFBC}") = "App1", "App1\App1.csproj", "{0CE45A34-149A-4BD1-B0D0-DCD9469C3A69}"
EndProject
Global
	GlobalSection(SolutionConfigurationPlatforms) = preSolution
		Debug|Any CPU = Debug|Any CPU
		Debug|ARM = Debug|ARM
		Debug|x64 = Debug|x64
		Debug|x86 = Debug|x86
		Release|Any CPU = Release|Any CPU
		Release|ARM = Release|ARM
		Release|x64 = Release|x64
		Release|x86 = Release|x86
	EndGlobalSection
	GlobalSection(ProjectConfigurationPlatforms) = postSolution
		{9BAB986D-05D3-4603-865E-E3773037FD1A}.Debug|Any CPU.ActiveCfg = Debug|Any CPU
		{9BAB986D-05D3-4603-865E-E3773037FD1A}.Debug|Any CPU.Build.0 = Debug|Any CPU
		{9BAB986D-05D3-4603-865E-E3773037FD1A}.Debug|ARM.ActiveCfg = Debug|Any CPU
		{9BAB986D-05D3-4603-865E-E3773037FD1A}.Debug|x64.ActiveCfg = Debug|Any CPU
		{9BAB986D-05D3-4603-865E-E3773037FD1A}.Debug|x86.ActiveCfg = Debug|Any CPU
		{9BAB986D-05D3-4603-865E-E3773037FD1A}.Release|Any CPU.ActiveCfg = Release|Any CPU
		{9BAB986D-05D3-4603-865E-E3773037FD1A}.Release|Any CPU.Build.0 = Release|Any CPU
		{9BAB986D-05D3-4603-865E-E3773037FD1A}.Release|ARM.ActiveCfg = Release|Any CPU
		{9BAB986D-05D3-4603-865E-E3773037FD1A}.Release|x64.ActiveCfg = Release|Any CPU
		{9BAB986D-05D3-4603-865E-E3773037FD1A}.Release|x86.ActiveCfg = Release|Any CPU
		{FDBAAEDF-10EF-4748-8623-8B1496BB4ED3}.Debug|Any CPU.ActiveCfg = Debug|Any CPU
		{FDBAAEDF-10EF-4748-8623-8B1496BB4ED3}.Debug|Any CPU.Build.0 = Debug|Any CPU
		{FDBAAEDF-10EF-4748-8623-8B1496BB4ED3}.Debug|ARM.ActiveCfg = Debug|Any CPU
		{FDBAAEDF-10EF-4748-8623-8B1496BB4ED3}.Debug|x64.ActiveCfg = Debug|Any CPU
		{FDBAAEDF-10EF-4748-8623-8B1496BB4ED3}.Debug|x86.ActiveCfg = Debug|Any CPU
		{FDBAAEDF-10EF-4748-8623-8B1496BB4ED3}.Release|Any CPU.ActiveCfg = Release|Any CPU
		{FDBAAEDF-10EF-4748-8623-8B1496BB4ED3}.Release|Any CPU.Build.0 = Release|Any CPU
		{FDBAAEDF-10EF-4748-8623-8B1496BB4ED3}.Release|ARM.ActiveCfg = Release|Any CPU
		{FDBAAEDF-10EF-4748-8623-8B1496BB4ED3}.Release|x64.ActiveCfg = Release|Any CPU
		{FDBAAEDF-10EF-4748-8623-8B1496BB4ED3}.Release|x86.ActiveCfg = Release|Any CPU
		{D9EBB33D-4C0E-474E-9809-39F1D708FD24}.Debug|Any CPU.ActiveCfg = Debug|Any CPU
		{D9EBB33D-4C0E-474E-9809-39F1D708FD24}.Debug|Any CPU.Build.0 = Debug|Any CPU
		{D9EBB33D-4C0E-474E-9809-39F1D708FD24}.Debug|Any CPU.Deploy.0 = Debug|Any CPU
		{D9EBB33D-4C0E-474E-9809-39F1D708FD24}.Debug|ARM.ActiveCfg = Debug|ARM
		{D9EBB33D-4C0E-474E-9809-39F1D708FD24}.Debug|ARM.Build.0 = Debug|ARM
		{D9EBB33D-4C0E-474E-9809-39F1D708FD24}.Debug|ARM.Deploy.0 = Debug|ARM
		{D9EBB33D-4C0E-474E-9809-39F1D708FD24}.Debug|x64.ActiveCfg = Debug|Any CPU
		{D9EBB33D-4C0E-474E-9809-39F1D708FD24}.Debug|x86.ActiveCfg = Debug|x86
		{D9EBB33D-4C0E-474E-9809-39F1D708FD24}.Debug|x86.Build.0 = Debug|x86
		{D9EBB33D-4C0E-474E-9809-39F1D708FD24}.Debug|x86.Deploy.0 = Debug|x86
		{D9EBB33D-4C0E-474E-9809-39F1D708FD24}.Release|Any CPU.ActiveCfg = Release|Any CPU
		{D9EBB33D-4C0E-474E-9809-39F1D708FD24}.Release|Any CPU.Build.0 = Release|Any CPU
		{D9EBB33D-4C0E-474E-9809-39F1D708FD24}.Release|Any CPU.Deploy.0 = Release|Any CPU
		{D9EBB33D-4C0E-474E-9809-39F1D708FD24}.Release|ARM.ActiveCfg = Release|ARM
		{D9EBB33D-4C0E-474E-9809-39F1D708FD24}.Release|ARM.Build.0 = Release|ARM
		{D9EBB33D-4C0E-474E-9809-39F1D708FD24}.Release|ARM.Deploy.0 = Release|ARM
		{D9EBB33D-4C0E-474E-9809-39F1D708FD24}.Release|x64.ActiveCfg = Release|Any CPU
		{D9EBB33D-4C0E-474E-9809-39F1D708FD24}.Release|x86.ActiveCfg = Release|x86
		{D9EBB33D-4C0E-474E-9809-39F1D708FD24}.Release|x86.Build.0 = Release|x86
		{D9EBB33D-4C0E-474E-9809-39F1D708FD24}.Release|x86.Deploy.0 = Release|x86
		{0CE45A34-149A-4BD1-B0D0-DCD9469C3A69}.Debug|Any CPU.ActiveCfg = Debug|Any CPU
		{0CE45A34-149A-4BD1-B0D0-DCD9469C3A69}.Debug|Any CPU.Build.0 = Debug|Any CPU
		{0CE45A34-149A-4BD1-B0D0-DCD9469C3A69}.Debug|Any CPU.Deploy.0 = Debug|Any CPU
		{0CE45A34-149A-4BD1-B0D0-DCD9469C3A69}.Debug|ARM.ActiveCfg = Debug|ARM
		{0CE45A34-149A-4BD1-B0D0-DCD9469C3A69}.Debug|ARM.Build.0 = Debug|ARM
		{0CE45A34-149A-4BD1-B0D0-DCD9469C3A69}.Debug|ARM.Deploy.0 = Debug|ARM
		{0CE45A34-149A-4BD1-B0D0-DCD9469C3A69}.Debug|x64.ActiveCfg = Debug|Any CPU
		{0CE45A34-149A-4BD1-B0D0-DCD9469C3A69}.Debug|x86.ActiveCfg = Debug|x86
		{0CE45A34-149A-4BD1-B0D0-DCD9469C3A69}.Debug|x86.Build.0 = Debug|x86
		{0CE45A34-149A-4BD1-B0D0-DCD9469C3A69}.Debug|x86.Deploy.0 = Debug|x86
		{0CE45A34-149A-4BD1-B0D0-DCD9469C3A69}.Release|Any CPU.ActiveCfg = Release|Any CPU
		{0CE45A34-149A-4BD1-B0D0-DCD9469C3A69}.Release|Any CPU.Build.0 = Release|Any CPU
		{0CE45A34-149A-4BD1-B0D0-DCD9469C3A69}.Release|Any CPU.Deploy.0 = Release|Any CPU
		{0CE45A34-149A-4BD1-B0D0-DCD9469C3A69}.Release|ARM.ActiveCfg = Release|ARM
		{0CE45A34-149A-4BD1-B0D0-DCD9469C3A69}.Release|ARM.Build.0 = Release|ARM
		{0CE45A34-149A-4BD1-B0D0-DCD9469C3A69}.Release|ARM.Deploy.0 = Release|ARM
		{0CE45A34-149A-4BD1-B0D0-DCD9469C3A69}.Release|x64.ActiveCfg = Release|Any CPU
		{0CE45A34-149A-4BD1-B0D0-DCD9469C3A69}.Release|x86.ActiveCfg = Release|x86
		{0CE45A34-149A-4BD1-B0D0-DCD9469C3A69}.Release|x86.Build.0 = Release|x86
		{0CE45A34-149A-4BD1-B0D0-DCD9469C3A69}.Release|x86.Deploy.0 = Release|x86
	EndGlobalSection
	GlobalSection(SolutionProperties) = preSolution
		HideSolutionNode = FALSE
	EndGlobalSection
	GlobalSection(NestedProjects) = preSolution
		{6843CB89-6788-4C44-878F-9BE25BDECAB0} = {277159C7-A5C9-4FCE-B97F-06693188764C}
	EndGlobalSection
EndGlobal
