
Microsoft Visual Studio Solution File, Format Version 12.00
# Visual Studio 2013
VisualStudioVersion = 12.0.31101.0
MinimumVisualStudioVersion = 10.0.40219.1
Project("{FAE04EC0-301F-11D3-BF4B-00C04F79EFBC}") = "Corvallis Reuse and Repair Mobile Application", "Corvallis Reuse and Repair Mobile Application\Corvallis Reuse and Repair Mobile Application.csproj", "{D9EBB33D-4C0E-474E-9809-39F1D708FD24}"
EndProject
Project("{2150E333-8FDC-42A3-9474-1A3956D46DE8}") = ".nuget", ".nuget", "{0FF4120A-E9C9-42F6-A47B-25E5BE84EF62}"
	ProjectSection(SolutionItems) = preProject
		.nuget\NuGet.Config = .nuget\NuGet.Config
		.nuget\NuGet.exe = .nuget\NuGet.exe
		.nuget\NuGet.targets = .nuget\NuGet.targets
	EndProjectSection
EndProject
Global
	GlobalSection(SolutionConfigurationPlatforms) = preSolution
		Debug|Any CPU = Debug|Any CPU
		Debug|ARM = Debug|ARM
		Debug|x86 = Debug|x86
		Release|Any CPU = Release|Any CPU
		Release|ARM = Release|ARM
		Release|x86 = Release|x86
	EndGlobalSection
	GlobalSection(ProjectConfigurationPlatforms) = postSolution
		{D9EBB33D-4C0E-474E-9809-39F1D708FD24}.Debug|Any CPU.ActiveCfg = Debug|Any CPU
		{D9EBB33D-4C0E-474E-9809-39F1D708FD24}.Debug|Any CPU.Build.0 = Debug|Any CPU
		{D9EBB33D-4C0E-474E-9809-39F1D708FD24}.Debug|Any CPU.Deploy.0 = Debug|Any CPU
		{D9EBB33D-4C0E-474E-9809-39F1D708FD24}.Debug|ARM.ActiveCfg = Debug|ARM
		{D9EBB33D-4C0E-474E-9809-39F1D708FD24}.Debug|ARM.Build.0 = Debug|ARM
		{D9EBB33D-4C0E-474E-9809-39F1D708FD24}.Debug|ARM.Deploy.0 = Debug|ARM
		{D9EBB33D-4C0E-474E-9809-39F1D708FD24}.Debug|x86.ActiveCfg = Debug|x86
		{D9EBB33D-4C0E-474E-9809-39F1D708FD24}.Debug|x86.Build.0 = Debug|x86
		{D9EBB33D-4C0E-474E-9809-39F1D708FD24}.Debug|x86.Deploy.0 = Debug|x86
		{D9EBB33D-4C0E-474E-9809-39F1D708FD24}.Release|Any CPU.ActiveCfg = Release|Any CPU
		{D9EBB33D-4C0E-474E-9809-39F1D708FD24}.Release|Any CPU.Build.0 = Release|Any CPU
		{D9EBB33D-4C0E-474E-9809-39F1D708FD24}.Release|Any CPU.Deploy.0 = Release|Any CPU
		{D9EBB33D-4C0E-474E-9809-39F1D708FD24}.Release|ARM.ActiveCfg = Release|ARM
		{D9EBB33D-4C0E-474E-9809-39F1D708FD24}.Release|ARM.Build.0 = Release|ARM
		{D9EBB33D-4C0E-474E-9809-39F1D708FD24}.Release|ARM.Deploy.0 = Release|ARM
		{D9EBB33D-4C0E-474E-9809-39F1D708FD24}.Release|x86.ActiveCfg = Release|x86
		{D9EBB33D-4C0E-474E-9809-39F1D708FD24}.Release|x86.Build.0 = Release|x86
		{D9EBB33D-4C0E-474E-9809-39F1D708FD24}.Release|x86.Deploy.0 = Release|x86
	EndGlobalSection
	GlobalSection(SolutionProperties) = preSolution
		HideSolutionNode = FALSE
	EndGlobalSection
EndGlobal
